
Microsoft Visual Studio Solution File, Format Version 12.00
Project("{FAE04EC0-301F-11D3-BF4B-00C04F79EFBC}") = "AlwaysOnTop", "AlwaysOnTop.csproj", "{30C38296-DA36-40CE-903D-2E51C721317C}"
EndProject
Global
	GlobalSection(SolutionConfigurationPlatforms) = preSolution
		Debug|Any CPU = Debug|Any CPU
		Release|Any CPU = Release|Any CPU
	EndGlobalSection
	GlobalSection(ProjectConfigurationPlatforms) = postSolution
		{30C38296-DA36-40CE-903D-2E51C721317C}.Debug|Any CPU.ActiveCfg = Debug|Any CPU
		{30C38296-DA36-40CE-903D-2E51C721317C}.Debug|Any CPU.Build.0 = Debug|Any CPU
		{30C38296-DA36-40CE-903D-2E51C721317C}.Release|Any CPU.ActiveCfg = Release|Any CPU
		{30C38296-DA36-40CE-903D-2E51C721317C}.Release|Any CPU.Build.0 = Release|Any CPU
	EndGlobalSection
EndGlobal
